
Microsoft Visual Studio Solution File, Format Version 12.00
# Visual Studio Version 16
VisualStudioVersion = 16.0.28803.452
MinimumVisualStudioVersion = 10.0.40219.1
Project("{9A19103F-16F7-4668-BE54-9A1E7A4F7556}") = "LeagueOfBets", "LeagueOfBets\LeagueOfBets.csproj", "{02202E26-FF71-4511-865A-0F47E424C419}"
EndProject
Project("{9A19103F-16F7-4668-BE54-9A1E7A4F7556}") = "MatchesAPI", "MatchesAPI\MatchesAPI.csproj", "{D23B4E30-3303-454A-95FE-781477FA935F}"
EndProject
Project("{9A19103F-16F7-4668-BE54-9A1E7A4F7556}") = "Users", "Users\Users.csproj", "{76C978DB-109E-401B-B8E9-E8F6BFA396F3}"
EndProject
Project("{9A19103F-16F7-4668-BE54-9A1E7A4F7556}") = "Identity", "Identity\Identity.csproj", "{B3FCE742-1518-44E9-B17D-EB8D45410CF5}"
EndProject
Global
	GlobalSection(SolutionConfigurationPlatforms) = preSolution
		Debug|Any CPU = Debug|Any CPU
		Release|Any CPU = Release|Any CPU
	EndGlobalSection
	GlobalSection(ProjectConfigurationPlatforms) = postSolution
		{02202E26-FF71-4511-865A-0F47E424C419}.Debug|Any CPU.ActiveCfg = Debug|Any CPU
		{02202E26-FF71-4511-865A-0F47E424C419}.Debug|Any CPU.Build.0 = Debug|Any CPU
		{02202E26-FF71-4511-865A-0F47E424C419}.Release|Any CPU.ActiveCfg = Release|Any CPU
		{02202E26-FF71-4511-865A-0F47E424C419}.Release|Any CPU.Build.0 = Release|Any CPU
		{D23B4E30-3303-454A-95FE-781477FA935F}.Debug|Any CPU.ActiveCfg = Debug|Any CPU
		{D23B4E30-3303-454A-95FE-781477FA935F}.Debug|Any CPU.Build.0 = Debug|Any CPU
		{D23B4E30-3303-454A-95FE-781477FA935F}.Release|Any CPU.ActiveCfg = Release|Any CPU
		{D23B4E30-3303-454A-95FE-781477FA935F}.Release|Any CPU.Build.0 = Release|Any CPU
		{76C978DB-109E-401B-B8E9-E8F6BFA396F3}.Debug|Any CPU.ActiveCfg = Debug|Any CPU
		{76C978DB-109E-401B-B8E9-E8F6BFA396F3}.Debug|Any CPU.Build.0 = Debug|Any CPU
		{76C978DB-109E-401B-B8E9-E8F6BFA396F3}.Release|Any CPU.ActiveCfg = Release|Any CPU
		{76C978DB-109E-401B-B8E9-E8F6BFA396F3}.Release|Any CPU.Build.0 = Release|Any CPU
		{B3FCE742-1518-44E9-B17D-EB8D45410CF5}.Debug|Any CPU.ActiveCfg = Debug|Any CPU
		{B3FCE742-1518-44E9-B17D-EB8D45410CF5}.Debug|Any CPU.Build.0 = Debug|Any CPU
		{B3FCE742-1518-44E9-B17D-EB8D45410CF5}.Release|Any CPU.ActiveCfg = Release|Any CPU
		{B3FCE742-1518-44E9-B17D-EB8D45410CF5}.Release|Any CPU.Build.0 = Release|Any CPU
	EndGlobalSection
	GlobalSection(SolutionProperties) = preSolution
		HideSolutionNode = FALSE
	EndGlobalSection
	GlobalSection(ExtensibilityGlobals) = postSolution
		SolutionGuid = {DC6B6C7B-786B-4E5D-93DE-58CB08C7CE09}
	EndGlobalSection
EndGlobal
