
Microsoft Visual Studio Solution File, Format Version 12.00
# Visual Studio Version 16
VisualStudioVersion = 16.0.28803.452
MinimumVisualStudioVersion = 10.0.40219.1
Project("{9A19103F-16F7-4668-BE54-9A1E7A4F7556}") = "Identity", "Identity\Identity.csproj", "{DDC5B865-8886-4520-AA88-0E0056326977}"
EndProject
Project("{9A19103F-16F7-4668-BE54-9A1E7A4F7556}") = "LeagueOfBets", "LeagueOfBets\LeagueOfBets.csproj", "{6D56D2A5-E1EC-4D72-A440-BF24596C30CF}"
EndProject
Project("{9A19103F-16F7-4668-BE54-9A1E7A4F7556}") = "MatchesData", "Matches\MatchesData\MatchesData.csproj", "{B97D5565-543B-416E-8868-9EC90A134457}"
EndProject
Project("{9A19103F-16F7-4668-BE54-9A1E7A4F7556}") = "MatchesWorker", "Matches\MatchesWorker\MatchesWorker.csproj", "{ACAD3264-59D7-4442-9677-02AB1AD6C2D9}"
EndProject
Project("{9A19103F-16F7-4668-BE54-9A1E7A4F7556}") = "BetsData", "Bets\BetsData\BetsData.csproj", "{004C8305-37B4-401A-AFA8-DB06ED6FF026}"
EndProject
Project("{2150E333-8FDC-42A3-9474-1A3956D46DE8}") = "Matches", "Matches", "{F638D165-7B77-4958-A909-FB5C60C36F51}"
EndProject
Project("{2150E333-8FDC-42A3-9474-1A3956D46DE8}") = "Bets", "Bets", "{BF52F21A-1C15-4DC3-BF1A-026A5E08EBC6}"
EndProject
Project("{9A19103F-16F7-4668-BE54-9A1E7A4F7556}") = "BetsAPI", "Bets\BetsAPI\BetsAPI.csproj", "{8DBA3614-1F54-43CA-BCA2-A1167F416E6D}"
EndProject
Project("{FAE04EC0-301F-11D3-BF4B-00C04F79EFBC}") = "MatchesAPI", "Matches\MatchesAPI\MatchesAPI.csproj", "{878853F3-0C9D-4CDD-9841-579EC2B8C9CE}"
EndProject
Project("{9A19103F-16F7-4668-BE54-9A1E7A4F7556}") = "BetsNewMatchWorker", "Bets\BetsNewMatchWorker\BetsNewMatchWorker.csproj", "{1B5DEBEE-E162-45C1-9AB1-256B407F2D1E}"
EndProject
Project("{9A19103F-16F7-4668-BE54-9A1E7A4F7556}") = "BetsWorkerBase", "Bets\BetsWorkerBase\BetsWorkerBase.csproj", "{EB65E0F2-80FD-4AB5-8F90-2F5147C892E1}"
EndProject
Project("{FAE04EC0-301F-11D3-BF4B-00C04F79EFBC}") = "BetsMatchUpdateWorker", "Bets\BetsMatchUpdateWorker\BetsMatchUpdateWorker.csproj", "{E06581EE-2DB9-4EA6-A8C2-14845D312C5C}"
EndProject
Project("{FAE04EC0-301F-11D3-BF4B-00C04F79EFBC}") = "BetsNewBetWorker", "Bets\BetsNewBetWorker\BetsNewBetWorker.csproj", "{C43666FB-F8B0-47F3-B745-912786C5EC2F}"
EndProject
Global
	GlobalSection(SolutionConfigurationPlatforms) = preSolution
		Debug|Any CPU = Debug|Any CPU
		Release|Any CPU = Release|Any CPU
	EndGlobalSection
	GlobalSection(ProjectConfigurationPlatforms) = postSolution
		{DDC5B865-8886-4520-AA88-0E0056326977}.Debug|Any CPU.ActiveCfg = Debug|Any CPU
		{DDC5B865-8886-4520-AA88-0E0056326977}.Debug|Any CPU.Build.0 = Debug|Any CPU
		{DDC5B865-8886-4520-AA88-0E0056326977}.Release|Any CPU.ActiveCfg = Release|Any CPU
		{DDC5B865-8886-4520-AA88-0E0056326977}.Release|Any CPU.Build.0 = Release|Any CPU
		{6D56D2A5-E1EC-4D72-A440-BF24596C30CF}.Debug|Any CPU.ActiveCfg = Debug|Any CPU
		{6D56D2A5-E1EC-4D72-A440-BF24596C30CF}.Debug|Any CPU.Build.0 = Debug|Any CPU
		{6D56D2A5-E1EC-4D72-A440-BF24596C30CF}.Release|Any CPU.ActiveCfg = Release|Any CPU
		{6D56D2A5-E1EC-4D72-A440-BF24596C30CF}.Release|Any CPU.Build.0 = Release|Any CPU
		{B97D5565-543B-416E-8868-9EC90A134457}.Debug|Any CPU.ActiveCfg = Debug|Any CPU
		{B97D5565-543B-416E-8868-9EC90A134457}.Debug|Any CPU.Build.0 = Debug|Any CPU
		{B97D5565-543B-416E-8868-9EC90A134457}.Release|Any CPU.ActiveCfg = Release|Any CPU
		{B97D5565-543B-416E-8868-9EC90A134457}.Release|Any CPU.Build.0 = Release|Any CPU
		{ACAD3264-59D7-4442-9677-02AB1AD6C2D9}.Debug|Any CPU.ActiveCfg = Debug|Any CPU
		{ACAD3264-59D7-4442-9677-02AB1AD6C2D9}.Debug|Any CPU.Build.0 = Debug|Any CPU
		{ACAD3264-59D7-4442-9677-02AB1AD6C2D9}.Release|Any CPU.ActiveCfg = Release|Any CPU
		{ACAD3264-59D7-4442-9677-02AB1AD6C2D9}.Release|Any CPU.Build.0 = Release|Any CPU
		{004C8305-37B4-401A-AFA8-DB06ED6FF026}.Debug|Any CPU.ActiveCfg = Debug|Any CPU
		{004C8305-37B4-401A-AFA8-DB06ED6FF026}.Debug|Any CPU.Build.0 = Debug|Any CPU
		{004C8305-37B4-401A-AFA8-DB06ED6FF026}.Release|Any CPU.ActiveCfg = Release|Any CPU
		{004C8305-37B4-401A-AFA8-DB06ED6FF026}.Release|Any CPU.Build.0 = Release|Any CPU
		{8DBA3614-1F54-43CA-BCA2-A1167F416E6D}.Debug|Any CPU.ActiveCfg = Debug|Any CPU
		{8DBA3614-1F54-43CA-BCA2-A1167F416E6D}.Debug|Any CPU.Build.0 = Debug|Any CPU
		{8DBA3614-1F54-43CA-BCA2-A1167F416E6D}.Release|Any CPU.ActiveCfg = Release|Any CPU
		{8DBA3614-1F54-43CA-BCA2-A1167F416E6D}.Release|Any CPU.Build.0 = Release|Any CPU
		{878853F3-0C9D-4CDD-9841-579EC2B8C9CE}.Debug|Any CPU.ActiveCfg = Debug|Any CPU
		{878853F3-0C9D-4CDD-9841-579EC2B8C9CE}.Debug|Any CPU.Build.0 = Debug|Any CPU
		{878853F3-0C9D-4CDD-9841-579EC2B8C9CE}.Release|Any CPU.ActiveCfg = Release|Any CPU
		{878853F3-0C9D-4CDD-9841-579EC2B8C9CE}.Release|Any CPU.Build.0 = Release|Any CPU
		{1B5DEBEE-E162-45C1-9AB1-256B407F2D1E}.Debug|Any CPU.ActiveCfg = Debug|Any CPU
		{1B5DEBEE-E162-45C1-9AB1-256B407F2D1E}.Debug|Any CPU.Build.0 = Debug|Any CPU
		{1B5DEBEE-E162-45C1-9AB1-256B407F2D1E}.Release|Any CPU.ActiveCfg = Release|Any CPU
		{1B5DEBEE-E162-45C1-9AB1-256B407F2D1E}.Release|Any CPU.Build.0 = Release|Any CPU
		{EB65E0F2-80FD-4AB5-8F90-2F5147C892E1}.Debug|Any CPU.ActiveCfg = Debug|Any CPU
		{EB65E0F2-80FD-4AB5-8F90-2F5147C892E1}.Debug|Any CPU.Build.0 = Debug|Any CPU
		{EB65E0F2-80FD-4AB5-8F90-2F5147C892E1}.Release|Any CPU.ActiveCfg = Release|Any CPU
		{EB65E0F2-80FD-4AB5-8F90-2F5147C892E1}.Release|Any CPU.Build.0 = Release|Any CPU
		{E06581EE-2DB9-4EA6-A8C2-14845D312C5C}.Debug|Any CPU.ActiveCfg = Debug|Any CPU
		{E06581EE-2DB9-4EA6-A8C2-14845D312C5C}.Debug|Any CPU.Build.0 = Debug|Any CPU
		{E06581EE-2DB9-4EA6-A8C2-14845D312C5C}.Release|Any CPU.ActiveCfg = Release|Any CPU
		{E06581EE-2DB9-4EA6-A8C2-14845D312C5C}.Release|Any CPU.Build.0 = Release|Any CPU
		{C43666FB-F8B0-47F3-B745-912786C5EC2F}.Debug|Any CPU.ActiveCfg = Debug|Any CPU
		{C43666FB-F8B0-47F3-B745-912786C5EC2F}.Debug|Any CPU.Build.0 = Debug|Any CPU
		{C43666FB-F8B0-47F3-B745-912786C5EC2F}.Release|Any CPU.ActiveCfg = Release|Any CPU
		{C43666FB-F8B0-47F3-B745-912786C5EC2F}.Release|Any CPU.Build.0 = Release|Any CPU
	EndGlobalSection
	GlobalSection(SolutionProperties) = preSolution
		HideSolutionNode = FALSE
	EndGlobalSection
	GlobalSection(NestedProjects) = preSolution
		{B97D5565-543B-416E-8868-9EC90A134457} = {F638D165-7B77-4958-A909-FB5C60C36F51}
		{ACAD3264-59D7-4442-9677-02AB1AD6C2D9} = {F638D165-7B77-4958-A909-FB5C60C36F51}
		{004C8305-37B4-401A-AFA8-DB06ED6FF026} = {BF52F21A-1C15-4DC3-BF1A-026A5E08EBC6}
		{8DBA3614-1F54-43CA-BCA2-A1167F416E6D} = {BF52F21A-1C15-4DC3-BF1A-026A5E08EBC6}
		{878853F3-0C9D-4CDD-9841-579EC2B8C9CE} = {F638D165-7B77-4958-A909-FB5C60C36F51}
		{1B5DEBEE-E162-45C1-9AB1-256B407F2D1E} = {BF52F21A-1C15-4DC3-BF1A-026A5E08EBC6}
		{EB65E0F2-80FD-4AB5-8F90-2F5147C892E1} = {BF52F21A-1C15-4DC3-BF1A-026A5E08EBC6}
		{E06581EE-2DB9-4EA6-A8C2-14845D312C5C} = {BF52F21A-1C15-4DC3-BF1A-026A5E08EBC6}
		{C43666FB-F8B0-47F3-B745-912786C5EC2F} = {BF52F21A-1C15-4DC3-BF1A-026A5E08EBC6}
	EndGlobalSection
	GlobalSection(ExtensibilityGlobals) = postSolution
		SolutionGuid = {DC6B6C7B-786B-4E5D-93DE-58CB08C7CE09}
	EndGlobalSection
EndGlobal
